
Microsoft Visual Studio Solution File, Format Version 12.00
# Visual Studio Version 16
VisualStudioVersion = 16.0.31229.75
MinimumVisualStudioVersion = 10.0.40219.1
Project("{8BC9CEB8-8B4A-11D0-8D11-00A0C91BC942}") = "RecottePluginFoundation", "RecottePluginFoundation\RecottePluginFoundation.vcxproj", "{72F0910E-CC73-438B-8640-BEDD1C8FB54A}"
	ProjectSection(ProjectDependencies) = postProject
		{2A414713-F784-4172-ACD2-A1589020BE13} = {2A414713-F784-4172-ACD2-A1589020BE13}
		{05D9FC34-2B7F-4C2C-B5CB-8F25B57C4A84} = {05D9FC34-2B7F-4C2C-B5CB-8F25B57C4A84}
		{47156942-8EA3-4ADE-8EA6-68C5E02294D7} = {47156942-8EA3-4ADE-8EA6-68C5E02294D7}
		{BD148D62-9B16-4502-8A77-550D85429B48} = {BD148D62-9B16-4502-8A77-550D85429B48}
	EndProjectSection
EndProject
Project("{8BC9CEB8-8B4A-11D0-8D11-00A0C91BC942}") = "TestPlugin", "TestPlugin\TestPlugin.vcxproj", "{BD148D62-9B16-4502-8A77-550D85429B48}"
	ProjectSection(ProjectDependencies) = postProject
		{47156942-8EA3-4ADE-8EA6-68C5E02294D7} = {47156942-8EA3-4ADE-8EA6-68C5E02294D7}
	EndProjectSection
EndProject
Project("{8BC9CEB8-8B4A-11D0-8D11-00A0C91BC942}") = "HookHelper", "HookHelper\HookHelper.vcxproj", "{47156942-8EA3-4ADE-8EA6-68C5E02294D7}"
EndProject
Project("{8BC9CEB8-8B4A-11D0-8D11-00A0C91BC942}") = "LayerFolding", "LayerFolding\LayerFolding.vcxproj", "{05D9FC34-2B7F-4C2C-B5CB-8F25B57C4A84}"
EndProject
Project("{8BC9CEB8-8B4A-11D0-8D11-00A0C91BC942}") = "CustomSkin", "CustomSkin\CustomSkin.vcxproj", "{2A414713-F784-4172-ACD2-A1589020BE13}"
EndProject
Global
	GlobalSection(SolutionConfigurationPlatforms) = preSolution
		Debug|x64 = Debug|x64
		Debug|x86 = Debug|x86
		Release|x64 = Release|x64
		Release|x86 = Release|x86
	EndGlobalSection
	GlobalSection(ProjectConfigurationPlatforms) = postSolution
		{72F0910E-CC73-438B-8640-BEDD1C8FB54A}.Debug|x64.ActiveCfg = Debug|x64
		{72F0910E-CC73-438B-8640-BEDD1C8FB54A}.Debug|x64.Build.0 = Debug|x64
		{72F0910E-CC73-438B-8640-BEDD1C8FB54A}.Debug|x86.ActiveCfg = Debug|Win32
		{72F0910E-CC73-438B-8640-BEDD1C8FB54A}.Debug|x86.Build.0 = Debug|Win32
		{72F0910E-CC73-438B-8640-BEDD1C8FB54A}.Release|x64.ActiveCfg = Release|x64
		{72F0910E-CC73-438B-8640-BEDD1C8FB54A}.Release|x64.Build.0 = Release|x64
		{72F0910E-CC73-438B-8640-BEDD1C8FB54A}.Release|x86.ActiveCfg = Release|Win32
		{72F0910E-CC73-438B-8640-BEDD1C8FB54A}.Release|x86.Build.0 = Release|Win32
		{BD148D62-9B16-4502-8A77-550D85429B48}.Debug|x64.ActiveCfg = Debug|x64
		{BD148D62-9B16-4502-8A77-550D85429B48}.Debug|x64.Build.0 = Debug|x64
		{BD148D62-9B16-4502-8A77-550D85429B48}.Debug|x86.ActiveCfg = Debug|Win32
		{BD148D62-9B16-4502-8A77-550D85429B48}.Debug|x86.Build.0 = Debug|Win32
		{BD148D62-9B16-4502-8A77-550D85429B48}.Release|x64.ActiveCfg = Release|x64
		{BD148D62-9B16-4502-8A77-550D85429B48}.Release|x64.Build.0 = Release|x64
		{BD148D62-9B16-4502-8A77-550D85429B48}.Release|x86.ActiveCfg = Release|Win32
		{BD148D62-9B16-4502-8A77-550D85429B48}.Release|x86.Build.0 = Release|Win32
		{47156942-8EA3-4ADE-8EA6-68C5E02294D7}.Debug|x64.ActiveCfg = Debug|x64
		{47156942-8EA3-4ADE-8EA6-68C5E02294D7}.Debug|x64.Build.0 = Debug|x64
		{47156942-8EA3-4ADE-8EA6-68C5E02294D7}.Debug|x86.ActiveCfg = Debug|Win32
		{47156942-8EA3-4ADE-8EA6-68C5E02294D7}.Debug|x86.Build.0 = Debug|Win32
		{47156942-8EA3-4ADE-8EA6-68C5E02294D7}.Release|x64.ActiveCfg = Release|x64
		{47156942-8EA3-4ADE-8EA6-68C5E02294D7}.Release|x64.Build.0 = Release|x64
		{47156942-8EA3-4ADE-8EA6-68C5E02294D7}.Release|x86.ActiveCfg = Release|Win32
		{47156942-8EA3-4ADE-8EA6-68C5E02294D7}.Release|x86.Build.0 = Release|Win32
		{05D9FC34-2B7F-4C2C-B5CB-8F25B57C4A84}.Debug|x64.ActiveCfg = Debug|x64
		{05D9FC34-2B7F-4C2C-B5CB-8F25B57C4A84}.Debug|x64.Build.0 = Debug|x64
		{05D9FC34-2B7F-4C2C-B5CB-8F25B57C4A84}.Debug|x86.ActiveCfg = Debug|Win32
		{05D9FC34-2B7F-4C2C-B5CB-8F25B57C4A84}.Debug|x86.Build.0 = Debug|Win32
		{05D9FC34-2B7F-4C2C-B5CB-8F25B57C4A84}.Release|x64.ActiveCfg = Release|x64
		{05D9FC34-2B7F-4C2C-B5CB-8F25B57C4A84}.Release|x64.Build.0 = Release|x64
		{05D9FC34-2B7F-4C2C-B5CB-8F25B57C4A84}.Release|x86.ActiveCfg = Release|Win32
		{05D9FC34-2B7F-4C2C-B5CB-8F25B57C4A84}.Release|x86.Build.0 = Release|Win32
		{2A414713-F784-4172-ACD2-A1589020BE13}.Debug|x64.ActiveCfg = Debug|x64
		{2A414713-F784-4172-ACD2-A1589020BE13}.Debug|x64.Build.0 = Debug|x64
		{2A414713-F784-4172-ACD2-A1589020BE13}.Debug|x86.ActiveCfg = Debug|Win32
		{2A414713-F784-4172-ACD2-A1589020BE13}.Debug|x86.Build.0 = Debug|Win32
		{2A414713-F784-4172-ACD2-A1589020BE13}.Release|x64.ActiveCfg = Release|x64
		{2A414713-F784-4172-ACD2-A1589020BE13}.Release|x64.Build.0 = Release|x64
		{2A414713-F784-4172-ACD2-A1589020BE13}.Release|x86.ActiveCfg = Release|Win32
		{2A414713-F784-4172-ACD2-A1589020BE13}.Release|x86.Build.0 = Release|Win32
	EndGlobalSection
	GlobalSection(SolutionProperties) = preSolution
		HideSolutionNode = FALSE
	EndGlobalSection
	GlobalSection(ExtensibilityGlobals) = postSolution
		SolutionGuid = {4C58D1F4-1B3F-4BDF-8993-718657E60853}
	EndGlobalSection
EndGlobal
